Microsoft Visual Studio Solution File, Format Version 12.00
# Visual Studio Version 17
VisualStudioVersion = 17.8.34330.188
MinimumVisualStudioVersion = 10.0.40219.1
Project("{9A19103F-16F7-4668-BE54-9A1E7A4F7556}") = "ServerDash.Core", "ServerDash.Core\ServerDash.Core.csproj", "{7A3E1C2B-4D5F-6789-A0B1-C2D3E4F50607}"
EndProject
Project("{9A19103F-16F7-4668-BE54-9A1E7A4F7556}") = "ServerDash.App", "ServerDash.App\ServerDash.App.csproj", "{8B4F2D3C-5E60-789A-B1C2-D3E4F5061728}"
EndProject
Project("{9A19103F-16F7-4668-BE54-9A1E7A4F7556}") = "ServerDash.Tests", "ServerDash.Tests\ServerDash.Tests.csproj", "{9C503E4D-6F71-89AB-C2D3-E4F506172839}"
EndProject
Global
	GlobalSection(SolutionConfigurationPlatforms) = preSolution
		Debug|Any CPU = Debug|Any CPU
		Debug|ARM64 = Debug|ARM64
		Debug|x64 = Debug|x64
		Debug|x86 = Debug|x86
		Release|Any CPU = Release|Any CPU
		Release|ARM64 = Release|ARM64
		Release|x64 = Release|x64
		Release|x86 = Release|x86
	EndGlobalSection
	GlobalSection(ProjectConfigurationPlatforms) = postSolution
		{7A3E1C2B-4D5F-6789-A0B1-C2D3E4F50607}.Debug|Any CPU.ActiveCfg = Debug|Any CPU
		{7A3E1C2B-4D5F-6789-A0B1-C2D3E4F50607}.Debug|Any CPU.Build.0 = Debug|Any CPU
		{7A3E1C2B-4D5F-6789-A0B1-C2D3E4F50607}.Debug|ARM64.ActiveCfg = Debug|Any CPU
		{7A3E1C2B-4D5F-6789-A0B1-C2D3E4F50607}.Debug|ARM64.Build.0 = Debug|Any CPU
		{7A3E1C2B-4D5F-6789-A0B1-C2D3E4F50607}.Debug|x64.ActiveCfg = Debug|Any CPU
		{7A3E1C2B-4D5F-6789-A0B1-C2D3E4F50607}.Debug|x64.Build.0 = Debug|Any CPU
		{7A3E1C2B-4D5F-6789-A0B1-C2D3E4F50607}.Debug|x86.ActiveCfg = Debug|Any CPU
		{7A3E1C2B-4D5F-6789-A0B1-C2D3E4F50607}.Debug|x86.Build.0 = Debug|Any CPU
		{7A3E1C2B-4D5F-6789-A0B1-C2D3E4F50607}.Release|Any CPU.ActiveCfg = Release|Any CPU
		{7A3E1C2B-4D5F-6789-A0B1-C2D3E4F50607}.Release|Any CPU.Build.0 = Release|Any CPU
		{7A3E1C2B-4D5F-6789-A0B1-C2D3E4F50607}.Release|ARM64.ActiveCfg = Release|Any CPU
		{7A3E1C2B-4D5F-6789-A0B1-C2D3E4F50607}.Release|ARM64.Build.0 = Release|Any CPU
		{7A3E1C2B-4D5F-6789-A0B1-C2D3E4F50607}.Release|x64.ActiveCfg = Release|Any CPU
		{7A3E1C2B-4D5F-6789-A0B1-C2D3E4F50607}.Release|x64.Build.0 = Release|Any CPU
		{7A3E1C2B-4D5F-6789-A0B1-C2D3E4F50607}.Release|x86.ActiveCfg = Release|Any CPU
		{7A3E1C2B-4D5F-6789-A0B1-C2D3E4F50607}.Release|x86.Build.0 = Release|Any CPU
		{8B4F2D3C-5E60-789A-B1C2-D3E4F5061728}.Debug|Any CPU.ActiveCfg = Debug|x64
		{8B4F2D3C-5E60-789A-B1C2-D3E4F5061728}.Debug|ARM64.ActiveCfg = Debug|ARM64
		{8B4F2D3C-5E60-789A-B1C2-D3E4F5061728}.Debug|ARM64.Build.0 = Debug|ARM64
		{8B4F2D3C-5E60-789A-B1C2-D3E4F5061728}.Debug|x64.ActiveCfg = Debug|x64
		{8B4F2D3C-5E60-789A-B1C2-D3E4F5061728}.Debug|x64.Build.0 = Debug|x64
		{8B4F2D3C-5E60-789A-B1C2-D3E4F5061728}.Debug|x86.ActiveCfg = Debug|x86
		{8B4F2D3C-5E60-789A-B1C2-D3E4F5061728}.Debug|x86.Build.0 = Debug|x86
		{8B4F2D3C-5E60-789A-B1C2-D3E4F5061728}.Release|Any CPU.ActiveCfg = Release|x64
		{8B4F2D3C-5E60-789A-B1C2-D3E4F5061728}.Release|ARM64.ActiveCfg = Release|ARM64
		{8B4F2D3C-5E60-789A-B1C2-D3E4F5061728}.Release|ARM64.Build.0 = Release|ARM64
		{8B4F2D3C-5E60-789A-B1C2-D3E4F5061728}.Release|x64.ActiveCfg = Release|x64
		{8B4F2D3C-5E60-789A-B1C2-D3E4F5061728}.Release|x64.Build.0 = Release|x64
		{8B4F2D3C-5E60-789A-B1C2-D3E4F5061728}.Release|x86.ActiveCfg = Release|x86
		{8B4F2D3C-5E60-789A-B1C2-D3E4F5061728}.Release|x86.Build.0 = Release|x86
		{9C503E4D-6F71-89AB-C2D3-E4F506172839}.Debug|Any CPU.ActiveCfg = Debug|Any CPU
		{9C503E4D-6F71-89AB-C2D3-E4F506172839}.Debug|Any CPU.Build.0 = Debug|Any CPU
		{9C503E4D-6F71-89AB-C2D3-E4F506172839}.Debug|ARM64.ActiveCfg = Debug|Any CPU
		{9C503E4D-6F71-89AB-C2D3-E4F506172839}.Debug|ARM64.Build.0 = Debug|Any CPU
		{9C503E4D-6F71-89AB-C2D3-E4F506172839}.Debug|x64.ActiveCfg = Debug|Any CPU
		{9C503E4D-6F71-89AB-C2D3-E4F506172839}.Debug|x64.Build.0 = Debug|Any CPU
		{9C503E4D-6F71-89AB-C2D3-E4F506172839}.Debug|x86.ActiveCfg = Debug|Any CPU
		{9C503E4D-6F71-89AB-C2D3-E4F506172839}.Debug|x86.Build.0 = Debug|Any CPU
		{9C503E4D-6F71-89AB-C2D3-E4F506172839}.Release|Any CPU.ActiveCfg = Release|Any CPU
		{9C503E4D-6F71-89AB-C2D3-E4F506172839}.Release|Any CPU.Build.0 = Release|Any CPU
		{9C503E4D-6F71-89AB-C2D3-E4F506172839}.Release|ARM64.ActiveCfg = Release|Any CPU
		{9C503E4D-6F71-89AB-C2D3-E4F506172839}.Release|ARM64.Build.0 = Release|Any CPU
		{9C503E4D-6F71-89AB-C2D3-E4F506172839}.Release|x64.ActiveCfg = Release|Any CPU
		{9C503E4D-6F71-89AB-C2D3-E4F506172839}.Release|x64.Build.0 = Release|Any CPU
		{9C503E4D-6F71-89AB-C2D3-E4F506172839}.Release|x86.ActiveCfg = Release|Any CPU
		{9C503E4D-6F71-89AB-C2D3-E4F506172839}.Release|x86.Build.0 = Release|Any CPU
	EndGlobalSection
	GlobalSection(SolutionProperties) = preSolution
		HideSolutionNode = FALSE
	EndGlobalSection
EndGlobal
