// !$*UTF8*$!
{
	archiveVersion = 1;
	classes = {
	};
	objectVersion = 77;
	objects = {

/* Begin PBXBuildFile section */
		03F2C9D87EEF91EB67A14869 /* Models.swift in Sources */ = {isa = PBXBuildFile; fileRef = CA3D23AC51B51EA56248DE7F /* Models.swift */; };
		04307D5E2F9EF3313EC93B49 /* TrustedHosts.swift in Sources */ = {isa = PBXBuildFile; fileRef = 2F07DD8B9A1DEB2284D8A85B /* TrustedHosts.swift */; };
		0514A7F1D10C4AAC28A9C614 /* ConnectionEngine.swift in Sources */ = {isa = PBXBuildFile; fileRef = 8C21D9F8267C415C2EA97651 /* ConnectionEngine.swift */; };
		0C8C732B5BF9E36736B37F56 /* themes.json in Resources */ = {isa = PBXBuildFile; fileRef = B3FD877C201A30AA5ED80CBC /* themes.json */; };
		0C95646D8A167F5BD9E02937 /* Diagnostics.swift in Sources */ = {isa = PBXBuildFile; fileRef = 28C06E89908346AD04C27796 /* Diagnostics.swift */; };
		102FAC76A74E85319F8D9E3D /* RemoteConnectionContractTests.swift in Sources */ = {isa = PBXBuildFile; fileRef = 788A40AAE53965A03CA17693 /* RemoteConnectionContractTests.swift */; };
		128724D3D69B69FDB6A53EFC /* Persistence.swift in Sources */ = {isa = PBXBuildFile; fileRef = 5C7B9A7128821971D27B4E3F /* Persistence.swift */; };
		1DD6167D45D75A6CA479734F /* SFTPService.swift in Sources */ = {isa = PBXBuildFile; fileRef = 943DE456AB8EBE7128B9AF0E /* SFTPService.swift */; };
		212C7E2A794E9B4A130301E5 /* ServerDashApp.swift in Sources */ = {isa = PBXBuildFile; fileRef = 4D2210C40CFA7EB205CC071D /* ServerDashApp.swift */; };
		238745A74AC12D25A894ADF4 /* SFTPService.swift in Sources */ = {isa = PBXBuildFile; fileRef = 943DE456AB8EBE7128B9AF0E /* SFTPService.swift */; };
		255213F397E2ED879AC43A6D /* SSHConfigImport.swift in Sources */ = {isa = PBXBuildFile; fileRef = A2842B41AFC38BF899197783 /* SSHConfigImport.swift */; };
		2905A618664D7D33C2CC875E /* MonitorDetailViews.swift in Sources */ = {isa = PBXBuildFile; fileRef = ABAF8D2D559E4E9913860862 /* MonitorDetailViews.swift */; };
		2B10618EA7A302B318BA5719 /* ResourceViews.swift in Sources */ = {isa = PBXBuildFile; fileRef = 5DBF7489718D78F03CFD571B /* ResourceViews.swift */; };
		2BFC78C52C15C7E62BE1E533 /* MobileDashboardView.swift in Sources */ = {isa = PBXBuildFile; fileRef = EB50C1D56853BEFCF4D0BEF3 /* MobileDashboardView.swift */; };
		2C5125E79643C8C644726583 /* ServerMonitorView.swift in Sources */ = {isa = PBXBuildFile; fileRef = E9E69BF1FDC095C8CA263A7E /* ServerMonitorView.swift */; };
		2FAF76631F4DCDE3BF082F2A /* ConnectionEngine.swift in Sources */ = {isa = PBXBuildFile; fileRef = 8C21D9F8267C415C2EA97651 /* ConnectionEngine.swift */; };
		2FED97A6D70245600F86E9C2 /* FoundationTests.swift in Sources */ = {isa = PBXBuildFile; fileRef = 09BE650CB059896F0CEFF8D2 /* FoundationTests.swift */; };
		32BD194CEC38B2F0C10A5D3C /* DashboardViews.swift in Sources */ = {isa = PBXBuildFile; fileRef = 72AFCD45B23730D303190D42 /* DashboardViews.swift */; };
		352961429662FB28ADEB7E2B /* MobileSFTPView.swift in Sources */ = {isa = PBXBuildFile; fileRef = 9C96309249086793018F225F /* MobileSFTPView.swift */; };
		3F49CD8D3E26FEE90022B46F /* MonitoringHistoryTests.swift in Sources */ = {isa = PBXBuildFile; fileRef = 393E99B93E995510CB7E74A2 /* MonitoringHistoryTests.swift */; };
		42A3B1EA12DE009C08D483F5 /* MobileResourcesViews.swift in Sources */ = {isa = PBXBuildFile; fileRef = 3D64E3A954F3D57AEEDF9DC6 /* MobileResourcesViews.swift */; };
		4BB25D17D57E99D1400875D2 /* Diagnostics.swift in Sources */ = {isa = PBXBuildFile; fileRef = 28C06E89908346AD04C27796 /* Diagnostics.swift */; };
		4E36DA5D3CD4BD6ADA9B8D67 /* MobileCompatibility.swift in Sources */ = {isa = PBXBuildFile; fileRef = C7CFE70EF86407C9418107EE /* MobileCompatibility.swift */; };
		5B200D9D7285DE7BC76FAF62 /* ProfessionalConnectionsView.swift in Sources */ = {isa = PBXBuildFile; fileRef = 69ADA9AF1D698CBD1A5FF7DC /* ProfessionalConnectionsView.swift */; };
		5D1ECA6BAC4A15B7BCBA8603 /* Services.swift in Sources */ = {isa = PBXBuildFile; fileRef = 60BA641DDE28754C1E7F14AA /* Services.swift */; };
		5FBE0D9DE5D2BE5BF4322280 /* MonitoringHistory.swift in Sources */ = {isa = PBXBuildFile; fileRef = 28CB56C032111EE4D021A5A5 /* MonitoringHistory.swift */; };
		626393443C800D657021FC1F /* Models.swift in Sources */ = {isa = PBXBuildFile; fileRef = CA3D23AC51B51EA56248DE7F /* Models.swift */; };
		629396E81B7F994F4AF6DF15 /* DesignSystem.swift in Sources */ = {isa = PBXBuildFile; fileRef = 19E1136D4D76B5E5F2B8A29C /* DesignSystem.swift */; };
		66BDF55CB7BA97437267E430 /* RemoteConnection.swift in Sources */ = {isa = PBXBuildFile; fileRef = F74225E5B629E05722E511CB /* RemoteConnection.swift */; };
		68253F969FDC84F4EE5B33DF /* TerminalAppearanceTests.swift in Sources */ = {isa = PBXBuildFile; fileRef = 735EFA378239958E015D2E5F /* TerminalAppearanceTests.swift */; };
		684CCF714F344DA86E6DDE0B /* MonitorLayoutStoreTests.swift in Sources */ = {isa = PBXBuildFile; fileRef = 429FD61E1936AAB5EC5860C9 /* MonitorLayoutStoreTests.swift */; };
		6CB96BC56DAF0013B427057F /* Services.swift in Sources */ = {isa = PBXBuildFile; fileRef = 60BA641DDE28754C1E7F14AA /* Services.swift */; };
		6F88E9F3E181A4BB69546BBE /* TerminalView.swift in Sources */ = {isa = PBXBuildFile; fileRef = AAE7A846E41C1811B95FF217 /* TerminalView.swift */; };
		756FF0CB6E1DBA94517F211D /* TrustedHostsView.swift in Sources */ = {isa = PBXBuildFile; fileRef = BB4D01D3F221186769CB54C4 /* TrustedHostsView.swift */; };
		781FE38C87594E82B1747363 /* MobileTerminalViews.swift in Sources */ = {isa = PBXBuildFile; fileRef = 793C40E2AC376B9E66951A2D /* MobileTerminalViews.swift */; };
		786E5460DCF8005C8691F884 /* SidebarViews.swift in Sources */ = {isa = PBXBuildFile; fileRef = CDC9EAAE3C61DFAD5E81F985 /* SidebarViews.swift */; };
		7D960E053B391494D04E94C4 /* OpenSSHRemoteConnection.swift in Sources */ = {isa = PBXBuildFile; fileRef = EEB9BA1FAC400EDD1F7E4F8B /* OpenSSHRemoteConnection.swift */; };
		7EBF70C0965A9C42F3DA2D70 /* LICENSES.md in Resources */ = {isa = PBXBuildFile; fileRef = 52A7F90E5D1EBBC61944D38A /* LICENSES.md */; };
		7EBF9323797F21EDF9389BF2 /* ProfessionalConnections.swift in Sources */ = {isa = PBXBuildFile; fileRef = D2501653CEDCCF96D8C6EE32 /* ProfessionalConnections.swift */; };
		803CC3401F8F7E10A3E1CA48 /* NIOSSH in Frameworks */ = {isa = PBXBuildFile; productRef = AA46F43239D4FA31925075E0 /* NIOSSH */; };
		80FA26DF28CFAD70B969F321 /* CitadelRemoteConnection.swift in Sources */ = {isa = PBXBuildFile; fileRef = 7640E5C8D07051AC352AE4B6 /* CitadelRemoteConnection.swift */; };
		84935DD5450868CD0715D626 /* MobileSettingsView.swift in Sources */ = {isa = PBXBuildFile; fileRef = BC28BB9D0E9E88D414D22F89 /* MobileSettingsView.swift */; };
		858DD08AB44FFD6239827F1F /* MobileTrustLifecycleTests.swift in Sources */ = {isa = PBXBuildFile; fileRef = ACBFF726785965F2AE20CB92 /* MobileTrustLifecycleTests.swift */; };
		8862FBFFF8FCB548419A8F73 /* DisplayFormat.swift in Sources */ = {isa = PBXBuildFile; fileRef = EDB4D429C12E8558788B4533 /* DisplayFormat.swift */; };
		88D89F88B5EF58F6C6BFE5D5 /* TerminalSessions.swift in Sources */ = {isa = PBXBuildFile; fileRef = 62C29A0F998D5E8D81D38A6B /* TerminalSessions.swift */; };
		90BC550556157E01A255199B /* DisplayFormat.swift in Sources */ = {isa = PBXBuildFile; fileRef = EDB4D429C12E8558788B4533 /* DisplayFormat.swift */; };
		917D5D1111BC58E0BDBE869D /* MonitoringHistoryView.swift in Sources */ = {isa = PBXBuildFile; fileRef = E8977A7C4041AE3769BA6797 /* MonitoringHistoryView.swift */; };
		92EECC31CD4873FA64B045E1 /* MonitorLayout.swift in Sources */ = {isa = PBXBuildFile; fileRef = 7A3251FDD3D3B5EF5C4D9C16 /* MonitorLayout.swift */; };
		96D5243F43F41C3978C7BA37 /* TerminalAppearance.swift in Sources */ = {isa = PBXBuildFile; fileRef = 5922649DA8CDEBB3C7A963F5 /* TerminalAppearance.swift */; };
		96F2EF85FAFBE1A40421CB3B /* MobileFoundationTests.swift in Sources */ = {isa = PBXBuildFile; fileRef = 029595E88FA8270DB9B567A7 /* MobileFoundationTests.swift */; };
		97A6F350C143A9D516435EA9 /* MobileRuntime.swift in Sources */ = {isa = PBXBuildFile; fileRef = 96A03B9CC41965EBB77F02A9 /* MobileRuntime.swift */; };
		98975C1A363FED85E59FA30A /* EditorAndSettingsViews.swift in Sources */ = {isa = PBXBuildFile; fileRef = 8339FA29B95424A0876D35BF /* EditorAndSettingsViews.swift */; };
		9AB76B8335AFE9FE81BF7D78 /* SFTPListingParserTests.swift in Sources */ = {isa = PBXBuildFile; fileRef = 45D37D64D57E276367308FDA /* SFTPListingParserTests.swift */; };
		A06758132146DBCFCFB84B54 /* ProfessionalConnectionTests.swift in Sources */ = {isa = PBXBuildFile; fileRef = AD8DC41FFE496974F8ABB367 /* ProfessionalConnectionTests.swift */; };
		A06BB609BCCEEBB1387E60A6 /* ResourceModelTests.swift in Sources */ = {isa = PBXBuildFile; fileRef = 7871DE5BA8EC6374E4825DD1 /* ResourceModelTests.swift */; };
		B0A1873ABCFDB642FB08089B /* DesignGallery.swift in Sources */ = {isa = PBXBuildFile; fileRef = 749FAF81145A8FB9CCB01A07 /* DesignGallery.swift */; };
		B152A8EB774592B5A9FF269A /* Assets.xcassets in Resources */ = {isa = PBXBuildFile; fileRef = E316E9C6F6836AA6547B6942 /* Assets.xcassets */; };
		B49477888AB091C7730B40F4 /* MonitorLayout.swift in Sources */ = {isa = PBXBuildFile; fileRef = 7A3251FDD3D3B5EF5C4D9C16 /* MonitorLayout.swift */; };
		C0E74D88BC523BE29BE48325 /* LICENSES.md in Resources */ = {isa = PBXBuildFile; fileRef = 52A7F90E5D1EBBC61944D38A /* LICENSES.md */; };
		C404D5DA72EBDDBEA231ED08 /* SwiftTerm in Frameworks */ = {isa = PBXBuildFile; productRef = 49A9C58D06480F064871D0E3 /* SwiftTerm */; };
		C62064695F3A5FF97484D2B2 /* SwiftTerm in Frameworks */ = {isa = PBXBuildFile; productRef = B31B612E337EB371ED8FE01C /* SwiftTerm */; };
		C624E5A873EFCE0225B2F22F /* SFTPView.swift in Sources */ = {isa = PBXBuildFile; fileRef = 416A177BFB4C9F62AA81F9D3 /* SFTPView.swift */; };
		C7FE7E6F6410B4D6BC49E7C1 /* ProfessionalConnections.swift in Sources */ = {isa = PBXBuildFile; fileRef = D2501653CEDCCF96D8C6EE32 /* ProfessionalConnections.swift */; };
		CC3A70F8103703C520FCB637 /* MobileSSHIntegrationTests.swift in Sources */ = {isa = PBXBuildFile; fileRef = 450F63708D3343F645EA1658 /* MobileSSHIntegrationTests.swift */; };
		CC7674E94FF258B0698E192F /* RemoteConnection.swift in Sources */ = {isa = PBXBuildFile; fileRef = F74225E5B629E05722E511CB /* RemoteConnection.swift */; };
		CC8C2D7C57F4D1CE973DDD3E /* Persistence.swift in Sources */ = {isa = PBXBuildFile; fileRef = 5C7B9A7128821971D27B4E3F /* Persistence.swift */; };
		CF6813CD37ACDC631AAB05A6 /* MobileMachinesView.swift in Sources */ = {isa = PBXBuildFile; fileRef = FCE60D4240E4D237FB043D36 /* MobileMachinesView.swift */; };
		D22602BBCE11D41A341CCAEA /* MobileMonitoringTests.swift in Sources */ = {isa = PBXBuildFile; fileRef = EF28CDCD49A1BB59CBED9C36 /* MobileMonitoringTests.swift */; };
		D5753998C729737254C87A77 /* CitadelAdapterTests.swift in Sources */ = {isa = PBXBuildFile; fileRef = AC4699A6676D0A98E30AA649 /* CitadelAdapterTests.swift */; };
		D99D7A6BA127C07D541E62E6 /* PortForwarding.swift in Sources */ = {isa = PBXBuildFile; fileRef = 69DFF908A3A8D318995EC034 /* PortForwarding.swift */; };
		D9C13650C00BBACB6154146B /* TerminalAppearanceViews.swift in Sources */ = {isa = PBXBuildFile; fileRef = BB52AE7DA5E55FCCF33EDC70 /* TerminalAppearanceViews.swift */; };
		DC537BF8A738012B96641B04 /* ServerLocationView.swift in Sources */ = {isa = PBXBuildFile; fileRef = 9A00A57B52A92EB2E95E7E2D /* ServerLocationView.swift */; };
		E198FF02DF752866C68B7687 /* MonitoringResponseParserTests.swift in Sources */ = {isa = PBXBuildFile; fileRef = 198118C810D8EA5F9DA00700 /* MonitoringResponseParserTests.swift */; };
		E427570FB5051530B613815B /* MonitoringHistory.swift in Sources */ = {isa = PBXBuildFile; fileRef = 28CB56C032111EE4D021A5A5 /* MonitoringHistory.swift */; };
		E4E05E912A7AE3EFE7DFDF28 /* AppState.swift in Sources */ = {isa = PBXBuildFile; fileRef = 473A692AB3CAE4975F0BC3EE /* AppState.swift */; };
		E76782694612DD8B7041AFE1 /* TrustedHosts.swift in Sources */ = {isa = PBXBuildFile; fileRef = 2F07DD8B9A1DEB2284D8A85B /* TrustedHosts.swift */; };
		EB4839F84B60B255E2D68A86 /* ContentView.swift in Sources */ = {isa = PBXBuildFile; fileRef = ACBCD7321B546E993FC42494 /* ContentView.swift */; };
		EEC0A120B9976B4AE9E22CA9 /* DesignSystem.swift in Sources */ = {isa = PBXBuildFile; fileRef = 19E1136D4D76B5E5F2B8A29C /* DesignSystem.swift */; };
		F021D26D8F32D3D73CFAA922 /* themes.json in Resources */ = {isa = PBXBuildFile; fileRef = B3FD877C201A30AA5ED80CBC /* themes.json */; };
		F6ACE78D064CA0A2F3DC7B78 /* ServerDashMobileApp.swift in Sources */ = {isa = PBXBuildFile; fileRef = 1266F10821FE9CAFA6B83E42 /* ServerDashMobileApp.swift */; };
		FDFF97A00305812E2727EE58 /* Citadel in Frameworks */ = {isa = PBXBuildFile; productRef = 496876A2B16B26B8216B2B61 /* Citadel */; };
/* End PBXBuildFile section */

/* Begin PBXContainerItemProxy section */
		22901FE1B865F2DC26CD80A2 /* PBXContainerItemProxy */ = {
			isa = PBXContainerItemProxy;
			containerPortal = 5D8DE40393B42BBCE7E76166 /* Project object */;
			proxyType = 1;
			remoteGlobalIDString = 932A6145CF9E8D6AFC04F676;
			remoteInfo = ServerDashMobile;
		};
		E5029226768E13F8F7E2E59D /* PBXContainerItemProxy */ = {
			isa = PBXContainerItemProxy;
			containerPortal = 5D8DE40393B42BBCE7E76166 /* Project object */;
			proxyType = 1;
			remoteGlobalIDString = 6AC6F66596C25AD6DE2A0AE3;
			remoteInfo = ServerDash;
		};
/* End PBXContainerItemProxy section */

/* Begin PBXFileReference section */
		029595E88FA8270DB9B567A7 /* MobileFoundationTests.swift */ = {isa = PBXFileReference; lastKnownFileType = sourcecode.swift; path = MobileFoundationTests.swift; sourceTree = "<group>"; };
		09BE650CB059896F0CEFF8D2 /* FoundationTests.swift */ = {isa = PBXFileReference; lastKnownFileType = sourcecode.swift; path = FoundationTests.swift; sourceTree = "<group>"; };
		1266F10821FE9CAFA6B83E42 /* ServerDashMobileApp.swift */ = {isa = PBXFileReference; lastKnownFileType = sourcecode.swift; path = ServerDashMobileApp.swift; sourceTree = "<group>"; };
		198118C810D8EA5F9DA00700 /* MonitoringResponseParserTests.swift */ = {isa = PBXFileReference; lastKnownFileType = sourcecode.swift; path = MonitoringResponseParserTests.swift; sourceTree = "<group>"; };
		19E1136D4D76B5E5F2B8A29C /* DesignSystem.swift */ = {isa = PBXFileReference; lastKnownFileType = sourcecode.swift; path = DesignSystem.swift; sourceTree = "<group>"; };
		2135C1DFA4DD05EE66E1B7BE /* ServerDashMobile.app */ = {isa = PBXFileReference; includeInIndex = 0; lastKnownFileType = wrapper.application; path = ServerDashMobile.app; sourceTree = BUILT_PRODUCTS_DIR; };
		28C06E89908346AD04C27796 /* Diagnostics.swift */ = {isa = PBXFileReference; lastKnownFileType = sourcecode.swift; path = Diagnostics.swift; sourceTree = "<group>"; };
		28CB56C032111EE4D021A5A5 /* MonitoringHistory.swift */ = {isa = PBXFileReference; lastKnownFileType = sourcecode.swift; path = MonitoringHistory.swift; sourceTree = "<group>"; };
		2F07DD8B9A1DEB2284D8A85B /* TrustedHosts.swift */ = {isa = PBXFileReference; lastKnownFileType = sourcecode.swift; path = TrustedHosts.swift; sourceTree = "<group>"; };
		2F15C4AA65F5856F88252649 /* ServerDashTests.xctest */ = {isa = PBXFileReference; explicitFileType = wrapper.cfbundle; includeInIndex = 0; path = ServerDashTests.xctest; sourceTree = BUILT_PRODUCTS_DIR; };
		393E99B93E995510CB7E74A2 /* MonitoringHistoryTests.swift */ = {isa = PBXFileReference; lastKnownFileType = sourcecode.swift; path = MonitoringHistoryTests.swift; sourceTree = "<group>"; };
		3D64E3A954F3D57AEEDF9DC6 /* MobileResourcesViews.swift */ = {isa = PBXFileReference; lastKnownFileType = sourcecode.swift; path = MobileResourcesViews.swift; sourceTree = "<group>"; };
		416A177BFB4C9F62AA81F9D3 /* SFTPView.swift */ = {isa = PBXFileReference; lastKnownFileType = sourcecode.swift; path = SFTPView.swift; sourceTree = "<group>"; };
		429FD61E1936AAB5EC5860C9 /* MonitorLayoutStoreTests.swift */ = {isa = PBXFileReference; lastKnownFileType = sourcecode.swift; path = MonitorLayoutStoreTests.swift; sourceTree = "<group>"; };
		450F63708D3343F645EA1658 /* MobileSSHIntegrationTests.swift */ = {isa = PBXFileReference; lastKnownFileType = sourcecode.swift; path = MobileSSHIntegrationTests.swift; sourceTree = "<group>"; };
		45D37D64D57E276367308FDA /* SFTPListingParserTests.swift */ = {isa = PBXFileReference; lastKnownFileType = sourcecode.swift; path = SFTPListingParserTests.swift; sourceTree = "<group>"; };
		473A692AB3CAE4975F0BC3EE /* AppState.swift */ = {isa = PBXFileReference; lastKnownFileType = sourcecode.swift; path = AppState.swift; sourceTree = "<group>"; };
		4D2210C40CFA7EB205CC071D /* ServerDashApp.swift */ = {isa = PBXFileReference; lastKnownFileType = sourcecode.swift; path = ServerDashApp.swift; sourceTree = "<group>"; };
		52A7F90E5D1EBBC61944D38A /* LICENSES.md */ = {isa = PBXFileReference; lastKnownFileType = net.daringfireball.markdown; path = LICENSES.md; sourceTree = "<group>"; };
		552061E634B9FC53278770DA /* Citadel */ = {isa = PBXFileReference; lastKnownFileType = folder; name = Citadel; path = Vendor/Citadel; sourceTree = SOURCE_ROOT; };
		5922649DA8CDEBB3C7A963F5 /* TerminalAppearance.swift */ = {isa = PBXFileReference; lastKnownFileType = sourcecode.swift; path = TerminalAppearance.swift; sourceTree = "<group>"; };
		5B428436A02C28484585B06A /* ServerDash.app */ = {isa = PBXFileReference; explicitFileType = wrapper.application; includeInIndex = 0; path = ServerDash.app; sourceTree = BUILT_PRODUCTS_DIR; };
		5C7B9A7128821971D27B4E3F /* Persistence.swift */ = {isa = PBXFileReference; lastKnownFileType = sourcecode.swift; path = Persistence.swift; sourceTree = "<group>"; };
		5DBF7489718D78F03CFD571B /* ResourceViews.swift */ = {isa = PBXFileReference; lastKnownFileType = sourcecode.swift; path = ResourceViews.swift; sourceTree = "<group>"; };
		60BA641DDE28754C1E7F14AA /* Services.swift */ = {isa = PBXFileReference; lastKnownFileType = sourcecode.swift; path = Services.swift; sourceTree = "<group>"; };
		62C29A0F998D5E8D81D38A6B /* TerminalSessions.swift */ = {isa = PBXFileReference; lastKnownFileType = sourcecode.swift; path = TerminalSessions.swift; sourceTree = "<group>"; };
		69ADA9AF1D698CBD1A5FF7DC /* ProfessionalConnectionsView.swift */ = {isa = PBXFileReference; lastKnownFileType = sourcecode.swift; path = ProfessionalConnectionsView.swift; sourceTree = "<group>"; };
		69DFF908A3A8D318995EC034 /* PortForwarding.swift */ = {isa = PBXFileReference; lastKnownFileType = sourcecode.swift; path = PortForwarding.swift; sourceTree = "<group>"; };
		72AFCD45B23730D303190D42 /* DashboardViews.swift */ = {isa = PBXFileReference; lastKnownFileType = sourcecode.swift; path = DashboardViews.swift; sourceTree = "<group>"; };
		735EFA378239958E015D2E5F /* TerminalAppearanceTests.swift */ = {isa = PBXFileReference; lastKnownFileType = sourcecode.swift; path = TerminalAppearanceTests.swift; sourceTree = "<group>"; };
		749FAF81145A8FB9CCB01A07 /* DesignGallery.swift */ = {isa = PBXFileReference; lastKnownFileType = sourcecode.swift; path = DesignGallery.swift; sourceTree = "<group>"; };
		7640E5C8D07051AC352AE4B6 /* CitadelRemoteConnection.swift */ = {isa = PBXFileReference; lastKnownFileType = sourcecode.swift; path = CitadelRemoteConnection.swift; sourceTree = "<group>"; };
		7871DE5BA8EC6374E4825DD1 /* ResourceModelTests.swift */ = {isa = PBXFileReference; lastKnownFileType = sourcecode.swift; path = ResourceModelTests.swift; sourceTree = "<group>"; };
		788A40AAE53965A03CA17693 /* RemoteConnectionContractTests.swift */ = {isa = PBXFileReference; lastKnownFileType = sourcecode.swift; path = RemoteConnectionContractTests.swift; sourceTree = "<group>"; };
		793C40E2AC376B9E66951A2D /* MobileTerminalViews.swift */ = {isa = PBXFileReference; lastKnownFileType = sourcecode.swift; path = MobileTerminalViews.swift; sourceTree = "<group>"; };
		7A3251FDD3D3B5EF5C4D9C16 /* MonitorLayout.swift */ = {isa = PBXFileReference; lastKnownFileType = sourcecode.swift; path = MonitorLayout.swift; sourceTree = "<group>"; };
		7B84A7CD97572085B52C03BD /* ServerDashMobileTests.xctest */ = {isa = PBXFileReference; includeInIndex = 0; lastKnownFileType = wrapper.cfbundle; path = ServerDashMobileTests.xctest; sourceTree = BUILT_PRODUCTS_DIR; };
		8339FA29B95424A0876D35BF /* EditorAndSettingsViews.swift */ = {isa = PBXFileReference; lastKnownFileType = sourcecode.swift; path = EditorAndSettingsViews.swift; sourceTree = "<group>"; };
		8C21D9F8267C415C2EA97651 /* ConnectionEngine.swift */ = {isa = PBXFileReference; lastKnownFileType = sourcecode.swift; path = ConnectionEngine.swift; sourceTree = "<group>"; };
		943DE456AB8EBE7128B9AF0E /* SFTPService.swift */ = {isa = PBXFileReference; lastKnownFileType = sourcecode.swift; path = SFTPService.swift; sourceTree = "<group>"; };
		96A03B9CC41965EBB77F02A9 /* MobileRuntime.swift */ = {isa = PBXFileReference; lastKnownFileType = sourcecode.swift; path = MobileRuntime.swift; sourceTree = "<group>"; };
		9A00A57B52A92EB2E95E7E2D /* ServerLocationView.swift */ = {isa = PBXFileReference; lastKnownFileType = sourcecode.swift; path = ServerLocationView.swift; sourceTree = "<group>"; };
		9C96309249086793018F225F /* MobileSFTPView.swift */ = {isa = PBXFileReference; lastKnownFileType = sourcecode.swift; path = MobileSFTPView.swift; sourceTree = "<group>"; };
		A2842B41AFC38BF899197783 /* SSHConfigImport.swift */ = {isa = PBXFileReference; lastKnownFileType = sourcecode.swift; path = SSHConfigImport.swift; sourceTree = "<group>"; };
		AAE7A846E41C1811B95FF217 /* TerminalView.swift */ = {isa = PBXFileReference; lastKnownFileType = sourcecode.swift; path = TerminalView.swift; sourceTree = "<group>"; };
		ABAF8D2D559E4E9913860862 /* MonitorDetailViews.swift */ = {isa = PBXFileReference; lastKnownFileType = sourcecode.swift; path = MonitorDetailViews.swift; sourceTree = "<group>"; };
		AC4699A6676D0A98E30AA649 /* CitadelAdapterTests.swift */ = {isa = PBXFileReference; lastKnownFileType = sourcecode.swift; path = CitadelAdapterTests.swift; sourceTree = "<group>"; };
		ACBCD7321B546E993FC42494 /* ContentView.swift */ = {isa = PBXFileReference; lastKnownFileType = sourcecode.swift; path = ContentView.swift; sourceTree = "<group>"; };
		ACBFF726785965F2AE20CB92 /* MobileTrustLifecycleTests.swift */ = {isa = PBXFileReference; lastKnownFileType = sourcecode.swift; path = MobileTrustLifecycleTests.swift; sourceTree = "<group>"; };
		AD8DC41FFE496974F8ABB367 /* ProfessionalConnectionTests.swift */ = {isa = PBXFileReference; lastKnownFileType = sourcecode.swift; path = ProfessionalConnectionTests.swift; sourceTree = "<group>"; };
		B3FD877C201A30AA5ED80CBC /* themes.json */ = {isa = PBXFileReference; lastKnownFileType = text.json; path = themes.json; sourceTree = "<group>"; };
		BB4D01D3F221186769CB54C4 /* TrustedHostsView.swift */ = {isa = PBXFileReference; lastKnownFileType = sourcecode.swift; path = TrustedHostsView.swift; sourceTree = "<group>"; };
		BB52AE7DA5E55FCCF33EDC70 /* TerminalAppearanceViews.swift */ = {isa = PBXFileReference; lastKnownFileType = sourcecode.swift; path = TerminalAppearanceViews.swift; sourceTree = "<group>"; };
		BC28BB9D0E9E88D414D22F89 /* MobileSettingsView.swift */ = {isa = PBXFileReference; lastKnownFileType = sourcecode.swift; path = MobileSettingsView.swift; sourceTree = "<group>"; };
		C7CFE70EF86407C9418107EE /* MobileCompatibility.swift */ = {isa = PBXFileReference; lastKnownFileType = sourcecode.swift; path = MobileCompatibility.swift; sourceTree = "<group>"; };
		CA3D23AC51B51EA56248DE7F /* Models.swift */ = {isa = PBXFileReference; lastKnownFileType = sourcecode.swift; path = Models.swift; sourceTree = "<group>"; };
		CDC9EAAE3C61DFAD5E81F985 /* SidebarViews.swift */ = {isa = PBXFileReference; lastKnownFileType = sourcecode.swift; path = SidebarViews.swift; sourceTree = "<group>"; };
		D2501653CEDCCF96D8C6EE32 /* ProfessionalConnections.swift */ = {isa = PBXFileReference; lastKnownFileType = sourcecode.swift; path = ProfessionalConnections.swift; sourceTree = "<group>"; };
		E0D26040F23F5DC88D6DF1C8 /* SwiftTerm */ = {isa = PBXFileReference; lastKnownFileType = folder; name = SwiftTerm; path = Vendor/SwiftTerm; sourceTree = SOURCE_ROOT; };
		E316E9C6F6836AA6547B6942 /* Assets.xcassets */ = {isa = PBXFileReference; lastKnownFileType = folder.assetcatalog; path = Assets.xcassets; sourceTree = "<group>"; };
		E8977A7C4041AE3769BA6797 /* MonitoringHistoryView.swift */ = {isa = PBXFileReference; lastKnownFileType = sourcecode.swift; path = MonitoringHistoryView.swift; sourceTree = "<group>"; };
		E9E69BF1FDC095C8CA263A7E /* ServerMonitorView.swift */ = {isa = PBXFileReference; lastKnownFileType = sourcecode.swift; path = ServerMonitorView.swift; sourceTree = "<group>"; };
		EB50C1D56853BEFCF4D0BEF3 /* MobileDashboardView.swift */ = {isa = PBXFileReference; lastKnownFileType = sourcecode.swift; path = MobileDashboardView.swift; sourceTree = "<group>"; };
		EB900E71916CCEF6D7433EF9 /* swift-nio-ssh */ = {isa = PBXFileReference; lastKnownFileType = folder; name = "swift-nio-ssh"; path = "Vendor/swift-nio-ssh"; sourceTree = SOURCE_ROOT; };
		EDB4D429C12E8558788B4533 /* DisplayFormat.swift */ = {isa = PBXFileReference; lastKnownFileType = sourcecode.swift; path = DisplayFormat.swift; sourceTree = "<group>"; };
		EEB9BA1FAC400EDD1F7E4F8B /* OpenSSHRemoteConnection.swift */ = {isa = PBXFileReference; lastKnownFileType = sourcecode.swift; path = OpenSSHRemoteConnection.swift; sourceTree = "<group>"; };
		EF28CDCD49A1BB59CBED9C36 /* MobileMonitoringTests.swift */ = {isa = PBXFileReference; lastKnownFileType = sourcecode.swift; path = MobileMonitoringTests.swift; sourceTree = "<group>"; };
		F74225E5B629E05722E511CB /* RemoteConnection.swift */ = {isa = PBXFileReference; lastKnownFileType = sourcecode.swift; path = RemoteConnection.swift; sourceTree = "<group>"; };
		FCE60D4240E4D237FB043D36 /* MobileMachinesView.swift */ = {isa = PBXFileReference; lastKnownFileType = sourcecode.swift; path = MobileMachinesView.swift; sourceTree = "<group>"; };
/* End PBXFileReference section */

/* Begin PBXFrameworksBuildPhase section */
		4AC21B498148BC2F4DA8E78F /* Frameworks */ = {
			isa = PBXFrameworksBuildPhase;
			buildActionMask = 2147483647;
			files = (
				C62064695F3A5FF97484D2B2 /* SwiftTerm in Frameworks */,
			);
			runOnlyForDeploymentPostprocessing = 0;
		};
		E253B4501A9167D25AD59E13 /* Frameworks */ = {
			isa = PBXFrameworksBuildPhase;
			buildActionMask = 2147483647;
			files = (
				C404D5DA72EBDDBEA231ED08 /* SwiftTerm in Frameworks */,
				FDFF97A00305812E2727EE58 /* Citadel in Frameworks */,
				803CC3401F8F7E10A3E1CA48 /* NIOSSH in Frameworks */,
			);
			runOnlyForDeploymentPostprocessing = 0;
		};
/* End PBXFrameworksBuildPhase section */

/* Begin PBXGroup section */
		1445BD40A4DF5AF3B34952B9 /* Products */ = {
			isa = PBXGroup;
			children = (
				5B428436A02C28484585B06A /* ServerDash.app */,
				2135C1DFA4DD05EE66E1B7BE /* ServerDashMobile.app */,
				7B84A7CD97572085B52C03BD /* ServerDashMobileTests.xctest */,
				2F15C4AA65F5856F88252649 /* ServerDashTests.xctest */,
			);
			name = Products;
			sourceTree = "<group>";
		};
		1656222CBBF9ABFA7A9E8685 /* Sources */ = {
			isa = PBXGroup;
			children = (
				473A692AB3CAE4975F0BC3EE /* AppState.swift */,
				E316E9C6F6836AA6547B6942 /* Assets.xcassets */,
				8C21D9F8267C415C2EA97651 /* ConnectionEngine.swift */,
				ACBCD7321B546E993FC42494 /* ContentView.swift */,
				72AFCD45B23730D303190D42 /* DashboardViews.swift */,
				749FAF81145A8FB9CCB01A07 /* DesignGallery.swift */,
				19E1136D4D76B5E5F2B8A29C /* DesignSystem.swift */,
				28C06E89908346AD04C27796 /* Diagnostics.swift */,
				EDB4D429C12E8558788B4533 /* DisplayFormat.swift */,
				8339FA29B95424A0876D35BF /* EditorAndSettingsViews.swift */,
				CA3D23AC51B51EA56248DE7F /* Models.swift */,
				ABAF8D2D559E4E9913860862 /* MonitorDetailViews.swift */,
				28CB56C032111EE4D021A5A5 /* MonitoringHistory.swift */,
				E8977A7C4041AE3769BA6797 /* MonitoringHistoryView.swift */,
				7A3251FDD3D3B5EF5C4D9C16 /* MonitorLayout.swift */,
				EEB9BA1FAC400EDD1F7E4F8B /* OpenSSHRemoteConnection.swift */,
				5C7B9A7128821971D27B4E3F /* Persistence.swift */,
				69DFF908A3A8D318995EC034 /* PortForwarding.swift */,
				D2501653CEDCCF96D8C6EE32 /* ProfessionalConnections.swift */,
				69ADA9AF1D698CBD1A5FF7DC /* ProfessionalConnectionsView.swift */,
				F74225E5B629E05722E511CB /* RemoteConnection.swift */,
				5DBF7489718D78F03CFD571B /* ResourceViews.swift */,
				4D2210C40CFA7EB205CC071D /* ServerDashApp.swift */,
				9A00A57B52A92EB2E95E7E2D /* ServerLocationView.swift */,
				E9E69BF1FDC095C8CA263A7E /* ServerMonitorView.swift */,
				60BA641DDE28754C1E7F14AA /* Services.swift */,
				943DE456AB8EBE7128B9AF0E /* SFTPService.swift */,
				416A177BFB4C9F62AA81F9D3 /* SFTPView.swift */,
				CDC9EAAE3C61DFAD5E81F985 /* SidebarViews.swift */,
				A2842B41AFC38BF899197783 /* SSHConfigImport.swift */,
				5922649DA8CDEBB3C7A963F5 /* TerminalAppearance.swift */,
				BB52AE7DA5E55FCCF33EDC70 /* TerminalAppearanceViews.swift */,
				62C29A0F998D5E8D81D38A6B /* TerminalSessions.swift */,
				AAE7A846E41C1811B95FF217 /* TerminalView.swift */,
				2F07DD8B9A1DEB2284D8A85B /* TrustedHosts.swift */,
				BB4D01D3F221186769CB54C4 /* TrustedHostsView.swift */,
			);
			path = Sources;
			sourceTree = "<group>";
		};
		61A8AE96A01D2CD37FAE994F /* Tests */ = {
			isa = PBXGroup;
			children = (
				AC4699A6676D0A98E30AA649 /* CitadelAdapterTests.swift */,
				029595E88FA8270DB9B567A7 /* MobileFoundationTests.swift */,
				EF28CDCD49A1BB59CBED9C36 /* MobileMonitoringTests.swift */,
				450F63708D3343F645EA1658 /* MobileSSHIntegrationTests.swift */,
				ACBFF726785965F2AE20CB92 /* MobileTrustLifecycleTests.swift */,
				788A40AAE53965A03CA17693 /* RemoteConnectionContractTests.swift */,
			);
			name = Tests;
			path = Mobile/Tests;
			sourceTree = "<group>";
		};
		64DD5C1F2C165F5A0D0E4827 = {
			isa = PBXGroup;
			children = (
				7EF26727CD6FD474A97EC258 /* Packages */,
				AD76B8613C37CD474F58D03B /* Resources */,
				1656222CBBF9ABFA7A9E8685 /* Sources */,
				7CC3CF5ADB7EBD7BA9C76798 /* Sources */,
				E8B635DD8A46136DF2AA141D /* Tests */,
				61A8AE96A01D2CD37FAE994F /* Tests */,
				1445BD40A4DF5AF3B34952B9 /* Products */,
			);
			sourceTree = "<group>";
		};
		7CC3CF5ADB7EBD7BA9C76798 /* Sources */ = {
			isa = PBXGroup;
			children = (
				7640E5C8D07051AC352AE4B6 /* CitadelRemoteConnection.swift */,
				C7CFE70EF86407C9418107EE /* MobileCompatibility.swift */,
				EB50C1D56853BEFCF4D0BEF3 /* MobileDashboardView.swift */,
				FCE60D4240E4D237FB043D36 /* MobileMachinesView.swift */,
				3D64E3A954F3D57AEEDF9DC6 /* MobileResourcesViews.swift */,
				96A03B9CC41965EBB77F02A9 /* MobileRuntime.swift */,
				BC28BB9D0E9E88D414D22F89 /* MobileSettingsView.swift */,
				9C96309249086793018F225F /* MobileSFTPView.swift */,
				793C40E2AC376B9E66951A2D /* MobileTerminalViews.swift */,
				1266F10821FE9CAFA6B83E42 /* ServerDashMobileApp.swift */,
			);
			name = Sources;
			path = Mobile/Sources;
			sourceTree = "<group>";
		};
		7EF26727CD6FD474A97EC258 /* Packages */ = {
			isa = PBXGroup;
			children = (
				552061E634B9FC53278770DA /* Citadel */,
				EB900E71916CCEF6D7433EF9 /* swift-nio-ssh */,
				E0D26040F23F5DC88D6DF1C8 /* SwiftTerm */,
			);
			name = Packages;
			sourceTree = "<group>";
		};
		AD76B8613C37CD474F58D03B /* Resources */ = {
			isa = PBXGroup;
			children = (
				FC1304C1F65ACD28CB47464C /* TerminalThemes */,
			);
			path = Resources;
			sourceTree = "<group>";
		};
		E8B635DD8A46136DF2AA141D /* Tests */ = {
			isa = PBXGroup;
			children = (
				09BE650CB059896F0CEFF8D2 /* FoundationTests.swift */,
				393E99B93E995510CB7E74A2 /* MonitoringHistoryTests.swift */,
				198118C810D8EA5F9DA00700 /* MonitoringResponseParserTests.swift */,
				429FD61E1936AAB5EC5860C9 /* MonitorLayoutStoreTests.swift */,
				AD8DC41FFE496974F8ABB367 /* ProfessionalConnectionTests.swift */,
				7871DE5BA8EC6374E4825DD1 /* ResourceModelTests.swift */,
				45D37D64D57E276367308FDA /* SFTPListingParserTests.swift */,
				735EFA378239958E015D2E5F /* TerminalAppearanceTests.swift */,
			);
			path = Tests;
			sourceTree = "<group>";
		};
		FC1304C1F65ACD28CB47464C /* TerminalThemes */ = {
			isa = PBXGroup;
			children = (
				52A7F90E5D1EBBC61944D38A /* LICENSES.md */,
				B3FD877C201A30AA5ED80CBC /* themes.json */,
			);
			path = TerminalThemes;
			sourceTree = "<group>";
		};
/* End PBXGroup section */

/* Begin PBXNativeTarget section */
		058471AF2FB60AF4E41916C4 /* ServerDashMobileTests */ = {
			isa = PBXNativeTarget;
			buildConfigurationList = BF71F135D796625DB89EB772 /* Build configuration list for PBXNativeTarget "ServerDashMobileTests" */;
			buildPhases = (
				5768F5D2F2520081D9FAF78D /* Sources */,
			);
			buildRules = (
			);
			dependencies = (
				5E8CE1A58B3D304D32E4B8CF /* PBXTargetDependency */,
			);
			name = ServerDashMobileTests;
			packageProductDependencies = (
			);
			productName = ServerDashMobileTests;
			productReference = 7B84A7CD97572085B52C03BD /* ServerDashMobileTests.xctest */;
			productType = "com.apple.product-type.bundle.unit-test";
		};
		680B34EA0F0A6851B6847F24 /* ServerDashTests */ = {
			isa = PBXNativeTarget;
			buildConfigurationList = 854719EB471296C6255B0B9A /* Build configuration list for PBXNativeTarget "ServerDashTests" */;
			buildPhases = (
				68C78E48AD7EDF169BA2E3F8 /* Sources */,
			);
			buildRules = (
			);
			dependencies = (
				2C9AF37C81AE8E9CFEC4A2F7 /* PBXTargetDependency */,
			);
			name = ServerDashTests;
			packageProductDependencies = (
			);
			productName = ServerDashTests;
			productReference = 2F15C4AA65F5856F88252649 /* ServerDashTests.xctest */;
			productType = "com.apple.product-type.bundle.unit-test";
		};
		6AC6F66596C25AD6DE2A0AE3 /* ServerDash */ = {
			isa = PBXNativeTarget;
			buildConfigurationList = C9209E7A692DE12CD54EC4C0 /* Build configuration list for PBXNativeTarget "ServerDash" */;
			buildPhases = (
				2F236EA43A97211A7D9A6DA0 /* Sources */,
				7CFAC8040F15DCA602198D00 /* Resources */,
				4AC21B498148BC2F4DA8E78F /* Frameworks */,
			);
			buildRules = (
			);
			dependencies = (
			);
			name = ServerDash;
			packageProductDependencies = (
				B31B612E337EB371ED8FE01C /* SwiftTerm */,
			);
			productName = ServerDash;
			productReference = 5B428436A02C28484585B06A /* ServerDash.app */;
			productType = "com.apple.product-type.application";
		};
		932A6145CF9E8D6AFC04F676 /* ServerDashMobile */ = {
			isa = PBXNativeTarget;
			buildConfigurationList = 35AB7337190AA233712FC7FB /* Build configuration list for PBXNativeTarget "ServerDashMobile" */;
			buildPhases = (
				72C5A2BC51CCF398D5AC6E79 /* Sources */,
				518D50B251D9CDC1BA8C25E3 /* Resources */,
				E253B4501A9167D25AD59E13 /* Frameworks */,
			);
			buildRules = (
			);
			dependencies = (
			);
			name = ServerDashMobile;
			packageProductDependencies = (
				49A9C58D06480F064871D0E3 /* SwiftTerm */,
				496876A2B16B26B8216B2B61 /* Citadel */,
				AA46F43239D4FA31925075E0 /* NIOSSH */,
			);
			productName = ServerDashMobile;
			productReference = 2135C1DFA4DD05EE66E1B7BE /* ServerDashMobile.app */;
			productType = "com.apple.product-type.application";
		};
/* End PBXNativeTarget section */

/* Begin PBXProject section */
		5D8DE40393B42BBCE7E76166 /* Project object */ = {
			isa = PBXProject;
			attributes = {
				BuildIndependentTargetsInParallel = YES;
				LastUpgradeCheck = 2600;
				TargetAttributes = {
				};
			};
			buildConfigurationList = A2406ABA205D7345D0A59BBF /* Build configuration list for PBXProject "ServerDash" */;
			developmentRegion = en;
			hasScannedForEncodings = 0;
			knownRegions = (
				Base,
				en,
			);
			mainGroup = 64DD5C1F2C165F5A0D0E4827;
			minimizedProjectReferenceProxies = 1;
			packageReferences = (
				6A8D5FB752F4B5992387FB53 /* XCLocalSwiftPackageReference "Vendor/Citadel" */,
				0DCBE606D7F2278F21C705F2 /* XCLocalSwiftPackageReference "Vendor/swift-nio-ssh" */,
				DEDE56CB83DFB941B3F72696 /* XCLocalSwiftPackageReference "Vendor/SwiftTerm" */,
			);
			preferredProjectObjectVersion = 77;
			productRefGroup = 1445BD40A4DF5AF3B34952B9 /* Products */;
			projectDirPath = "";
			projectRoot = "";
			targets = (
				6AC6F66596C25AD6DE2A0AE3 /* ServerDash */,
				932A6145CF9E8D6AFC04F676 /* ServerDashMobile */,
				058471AF2FB60AF4E41916C4 /* ServerDashMobileTests */,
				680B34EA0F0A6851B6847F24 /* ServerDashTests */,
			);
		};
/* End PBXProject section */

/* Begin PBXResourcesBuildPhase section */
		518D50B251D9CDC1BA8C25E3 /* Resources */ = {
			isa = PBXResourcesBuildPhase;
			buildActionMask = 2147483647;
			files = (
				7EBF70C0965A9C42F3DA2D70 /* LICENSES.md in Resources */,
				0C8C732B5BF9E36736B37F56 /* themes.json in Resources */,
			);
			runOnlyForDeploymentPostprocessing = 0;
		};
		7CFAC8040F15DCA602198D00 /* Resources */ = {
			isa = PBXResourcesBuildPhase;
			buildActionMask = 2147483647;
			files = (
				B152A8EB774592B5A9FF269A /* Assets.xcassets in Resources */,
				C0E74D88BC523BE29BE48325 /* LICENSES.md in Resources */,
				F021D26D8F32D3D73CFAA922 /* themes.json in Resources */,
			);
			runOnlyForDeploymentPostprocessing = 0;
		};
/* End PBXResourcesBuildPhase section */

/* Begin PBXSourcesBuildPhase section */
		2F236EA43A97211A7D9A6DA0 /* Sources */ = {
			isa = PBXSourcesBuildPhase;
			buildActionMask = 2147483647;
			files = (
				E4E05E912A7AE3EFE7DFDF28 /* AppState.swift in Sources */,
				0514A7F1D10C4AAC28A9C614 /* ConnectionEngine.swift in Sources */,
				EB4839F84B60B255E2D68A86 /* ContentView.swift in Sources */,
				32BD194CEC38B2F0C10A5D3C /* DashboardViews.swift in Sources */,
				B0A1873ABCFDB642FB08089B /* DesignGallery.swift in Sources */,
				EEC0A120B9976B4AE9E22CA9 /* DesignSystem.swift in Sources */,
				4BB25D17D57E99D1400875D2 /* Diagnostics.swift in Sources */,
				90BC550556157E01A255199B /* DisplayFormat.swift in Sources */,
				98975C1A363FED85E59FA30A /* EditorAndSettingsViews.swift in Sources */,
				03F2C9D87EEF91EB67A14869 /* Models.swift in Sources */,
				2905A618664D7D33C2CC875E /* MonitorDetailViews.swift in Sources */,
				B49477888AB091C7730B40F4 /* MonitorLayout.swift in Sources */,
				5FBE0D9DE5D2BE5BF4322280 /* MonitoringHistory.swift in Sources */,
				917D5D1111BC58E0BDBE869D /* MonitoringHistoryView.swift in Sources */,
				7D960E053B391494D04E94C4 /* OpenSSHRemoteConnection.swift in Sources */,
				128724D3D69B69FDB6A53EFC /* Persistence.swift in Sources */,
				D99D7A6BA127C07D541E62E6 /* PortForwarding.swift in Sources */,
				C7FE7E6F6410B4D6BC49E7C1 /* ProfessionalConnections.swift in Sources */,
				5B200D9D7285DE7BC76FAF62 /* ProfessionalConnectionsView.swift in Sources */,
				CC7674E94FF258B0698E192F /* RemoteConnection.swift in Sources */,
				2B10618EA7A302B318BA5719 /* ResourceViews.swift in Sources */,
				1DD6167D45D75A6CA479734F /* SFTPService.swift in Sources */,
				C624E5A873EFCE0225B2F22F /* SFTPView.swift in Sources */,
				255213F397E2ED879AC43A6D /* SSHConfigImport.swift in Sources */,
				212C7E2A794E9B4A130301E5 /* ServerDashApp.swift in Sources */,
				DC537BF8A738012B96641B04 /* ServerLocationView.swift in Sources */,
				2C5125E79643C8C644726583 /* ServerMonitorView.swift in Sources */,
				5D1ECA6BAC4A15B7BCBA8603 /* Services.swift in Sources */,
				786E5460DCF8005C8691F884 /* SidebarViews.swift in Sources */,
				96D5243F43F41C3978C7BA37 /* TerminalAppearance.swift in Sources */,
				D9C13650C00BBACB6154146B /* TerminalAppearanceViews.swift in Sources */,
				88D89F88B5EF58F6C6BFE5D5 /* TerminalSessions.swift in Sources */,
				6F88E9F3E181A4BB69546BBE /* TerminalView.swift in Sources */,
				E76782694612DD8B7041AFE1 /* TrustedHosts.swift in Sources */,
				756FF0CB6E1DBA94517F211D /* TrustedHostsView.swift in Sources */,
			);
			runOnlyForDeploymentPostprocessing = 0;
		};
		5768F5D2F2520081D9FAF78D /* Sources */ = {
			isa = PBXSourcesBuildPhase;
			buildActionMask = 2147483647;
			files = (
				D5753998C729737254C87A77 /* CitadelAdapterTests.swift in Sources */,
				96F2EF85FAFBE1A40421CB3B /* MobileFoundationTests.swift in Sources */,
				D22602BBCE11D41A341CCAEA /* MobileMonitoringTests.swift in Sources */,
				CC3A70F8103703C520FCB637 /* MobileSSHIntegrationTests.swift in Sources */,
				858DD08AB44FFD6239827F1F /* MobileTrustLifecycleTests.swift in Sources */,
				102FAC76A74E85319F8D9E3D /* RemoteConnectionContractTests.swift in Sources */,
			);
			runOnlyForDeploymentPostprocessing = 0;
		};
		68C78E48AD7EDF169BA2E3F8 /* Sources */ = {
			isa = PBXSourcesBuildPhase;
			buildActionMask = 2147483647;
			files = (
				2FED97A6D70245600F86E9C2 /* FoundationTests.swift in Sources */,
				684CCF714F344DA86E6DDE0B /* MonitorLayoutStoreTests.swift in Sources */,
				3F49CD8D3E26FEE90022B46F /* MonitoringHistoryTests.swift in Sources */,
				E198FF02DF752866C68B7687 /* MonitoringResponseParserTests.swift in Sources */,
				A06758132146DBCFCFB84B54 /* ProfessionalConnectionTests.swift in Sources */,
				A06BB609BCCEEBB1387E60A6 /* ResourceModelTests.swift in Sources */,
				9AB76B8335AFE9FE81BF7D78 /* SFTPListingParserTests.swift in Sources */,
				68253F969FDC84F4EE5B33DF /* TerminalAppearanceTests.swift in Sources */,
			);
			runOnlyForDeploymentPostprocessing = 0;
		};
		72C5A2BC51CCF398D5AC6E79 /* Sources */ = {
			isa = PBXSourcesBuildPhase;
			buildActionMask = 2147483647;
			files = (
				80FA26DF28CFAD70B969F321 /* CitadelRemoteConnection.swift in Sources */,
				2FAF76631F4DCDE3BF082F2A /* ConnectionEngine.swift in Sources */,
				629396E81B7F994F4AF6DF15 /* DesignSystem.swift in Sources */,
				0C95646D8A167F5BD9E02937 /* Diagnostics.swift in Sources */,
				8862FBFFF8FCB548419A8F73 /* DisplayFormat.swift in Sources */,
				4E36DA5D3CD4BD6ADA9B8D67 /* MobileCompatibility.swift in Sources */,
				2BFC78C52C15C7E62BE1E533 /* MobileDashboardView.swift in Sources */,
				CF6813CD37ACDC631AAB05A6 /* MobileMachinesView.swift in Sources */,
				42A3B1EA12DE009C08D483F5 /* MobileResourcesViews.swift in Sources */,
				97A6F350C143A9D516435EA9 /* MobileRuntime.swift in Sources */,
				352961429662FB28ADEB7E2B /* MobileSFTPView.swift in Sources */,
				84935DD5450868CD0715D626 /* MobileSettingsView.swift in Sources */,
				781FE38C87594E82B1747363 /* MobileTerminalViews.swift in Sources */,
				626393443C800D657021FC1F /* Models.swift in Sources */,
				92EECC31CD4873FA64B045E1 /* MonitorLayout.swift in Sources */,
				E427570FB5051530B613815B /* MonitoringHistory.swift in Sources */,
				CC8C2D7C57F4D1CE973DDD3E /* Persistence.swift in Sources */,
				7EBF9323797F21EDF9389BF2 /* ProfessionalConnections.swift in Sources */,
				66BDF55CB7BA97437267E430 /* RemoteConnection.swift in Sources */,
				238745A74AC12D25A894ADF4 /* SFTPService.swift in Sources */,
				F6ACE78D064CA0A2F3DC7B78 /* ServerDashMobileApp.swift in Sources */,
				6CB96BC56DAF0013B427057F /* Services.swift in Sources */,
				04307D5E2F9EF3313EC93B49 /* TrustedHosts.swift in Sources */,
			);
			runOnlyForDeploymentPostprocessing = 0;
		};
/* End PBXSourcesBuildPhase section */

/* Begin PBXTargetDependency section */
		2C9AF37C81AE8E9CFEC4A2F7 /* PBXTargetDependency */ = {
			isa = PBXTargetDependency;
			target = 6AC6F66596C25AD6DE2A0AE3 /* ServerDash */;
			targetProxy = E5029226768E13F8F7E2E59D /* PBXContainerItemProxy */;
		};
		5E8CE1A58B3D304D32E4B8CF /* PBXTargetDependency */ = {
			isa = PBXTargetDependency;
			target = 932A6145CF9E8D6AFC04F676 /* ServerDashMobile */;
			targetProxy = 22901FE1B865F2DC26CD80A2 /* PBXContainerItemProxy */;
		};
/* End PBXTargetDependency section */

/* Begin XCBuildConfiguration section */
		03107748FC5B8099316F3D07 /* Debug */ = {
			isa = XCBuildConfiguration;
			buildSettings = {
				ASSETCATALOG_COMPILER_APPICON_NAME = AppIcon;
				CODE_SIGN_IDENTITY = "iPhone Developer";
				CURRENT_PROJECT_VERSION = 5;
				GENERATE_INFOPLIST_FILE = YES;
				INFOPLIST_KEY_CFBundleDisplayName = ServerDash;
				INFOPLIST_KEY_LSApplicationCategoryType = "public.app-category.utilities";
				INFOPLIST_KEY_NSHumanReadableCopyright = "";
				INFOPLIST_KEY_UIApplicationSceneManifest_Generation = YES;
				INFOPLIST_KEY_UIApplicationSupportsIndirectInputEvents = YES;
				INFOPLIST_KEY_UILaunchScreen_Generation = YES;
				INFOPLIST_KEY_UISupportedInterfaceOrientations_iPad = "UIInterfaceOrientationLandscapeLeft UIInterfaceOrientationLandscapeRight";
				IPHONEOS_DEPLOYMENT_TARGET = 18.0;
				LD_RUNPATH_SEARCH_PATHS = (
					"$(inherited)",
					"@executable_path/Frameworks",
				);
				MARKETING_VERSION = 1.0.0;
				PRODUCT_BUNDLE_IDENTIFIER = com.serverdash.app.ios;
				PRODUCT_NAME = ServerDashMobile;
				SDKROOT = iphoneos;
				SUPPORTS_MACCATALYST = NO;
				SWIFT_VERSION = 5.9;
				TARGETED_DEVICE_FAMILY = "1,2";
			};
			name = Debug;
		};
		13BC4178FE824B5EE4CC6840 /* Release */ = {
			isa = XCBuildConfiguration;
			buildSettings = {
				BUNDLE_LOADER = "$(TEST_HOST)";
				COMBINE_HIDPI_IMAGES = YES;
				GENERATE_INFOPLIST_FILE = YES;
				LD_RUNPATH_SEARCH_PATHS = (
					"$(inherited)",
					"@executable_path/../Frameworks",
					"@loader_path/../Frameworks",
				);
				PRODUCT_BUNDLE_IDENTIFIER = com.serverdash.app.tests;
				SDKROOT = macosx;
				SWIFT_VERSION = 5.9;
				TEST_HOST = "$(BUILT_PRODUCTS_DIR)/ServerDash.app/Contents/MacOS/ServerDash";
			};
			name = Release;
		};
		25C9EAA06C09148360AC1E60 /* Debug */ = {
			isa = XCBuildConfiguration;
			buildSettings = {
				ALWAYS_SEARCH_USER_PATHS = NO;
				CLANG_ANALYZER_NONNULL = YES;
				CLANG_ANALYZER_NUMBER_OBJECT_CONVERSION = YES_AGGRESSIVE;
				CLANG_CXX_LANGUAGE_STANDARD = "gnu++14";
				CLANG_CXX_LIBRARY = "libc++";
				CLANG_ENABLE_MODULES = YES;
				CLANG_ENABLE_OBJC_ARC = YES;
				CLANG_ENABLE_OBJC_WEAK = YES;
				CLANG_WARN_BLOCK_CAPTURE_AUTORELEASING = YES;
				CLANG_WARN_BOOL_CONVERSION = YES;
				CLANG_WARN_COMMA = YES;
				CLANG_WARN_CONSTANT_CONVERSION = YES;
				CLANG_WARN_DEPRECATED_OBJC_IMPLEMENTATIONS = YES;
				CLANG_WARN_DIRECT_OBJC_ISA_USAGE = YES_ERROR;
				CLANG_WARN_DOCUMENTATION_COMMENTS = YES;
				CLANG_WARN_EMPTY_BODY = YES;
				CLANG_WARN_ENUM_CONVERSION = YES;
				CLANG_WARN_INFINITE_RECURSION = YES;
				CLANG_WARN_INT_CONVERSION = YES;
				CLANG_WARN_NON_LITERAL_NULL_CONVERSION = YES;
				CLANG_WARN_OBJC_IMPLICIT_RETAIN_SELF = YES;
				CLANG_WARN_OBJC_LITERAL_CONVERSION = YES;
				CLANG_WARN_OBJC_ROOT_CLASS = YES_ERROR;
				CLANG_WARN_QUOTED_INCLUDE_IN_FRAMEWORK_HEADER = YES;
				CLANG_WARN_RANGE_LOOP_ANALYSIS = YES;
				CLANG_WARN_STRICT_PROTOTYPES = YES;
				CLANG_WARN_SUSPICIOUS_MOVE = YES;
				CLANG_WARN_UNGUARDED_AVAILABILITY = YES_AGGRESSIVE;
				CLANG_WARN_UNREACHABLE_CODE = YES;
				CLANG_WARN__DUPLICATE_METHOD_MATCH = YES;
				COPY_PHASE_STRIP = NO;
				DEBUG_INFORMATION_FORMAT = dwarf;
				ENABLE_STRICT_OBJC_MSGSEND = YES;
				ENABLE_TESTABILITY = YES;
				GCC_C_LANGUAGE_STANDARD = gnu11;
				GCC_DYNAMIC_NO_PIC = NO;
				GCC_NO_COMMON_BLOCKS = YES;
				GCC_OPTIMIZATION_LEVEL = 0;
				GCC_PREPROCESSOR_DEFINITIONS = (
					"$(inherited)",
					"DEBUG=1",
				);
				GCC_WARN_64_TO_32_BIT_CONVERSION = YES;
				GCC_WARN_ABOUT_RETURN_TYPE = YES_ERROR;
				GCC_WARN_UNDECLARED_SELECTOR = YES;
				GCC_WARN_UNINITIALIZED_AUTOS = YES_AGGRESSIVE;
				GCC_WARN_UNUSED_FUNCTION = YES;
				GCC_WARN_UNUSED_VARIABLE = YES;
				IPHONEOS_DEPLOYMENT_TARGET = 18.0;
				MACOSX_DEPLOYMENT_TARGET = 14.0;
				MTL_ENABLE_DEBUG_INFO = INCLUDE_SOURCE;
				MTL_FAST_MATH = YES;
				ONLY_ACTIVE_ARCH = YES;
				PRODUCT_NAME = "$(TARGET_NAME)";
				SWIFT_ACTIVE_COMPILATION_CONDITIONS = DEBUG;
				SWIFT_OPTIMIZATION_LEVEL = "-Onone";
				SWIFT_VERSION = 5.0;
			};
			name = Debug;
		};
		27978D85BFBEB95C38562776 /* Debug */ = {
			isa = XCBuildConfiguration;
			buildSettings = {
				ASSETCATALOG_COMPILER_APPICON_NAME = AppIcon;
				CODE_SIGN_IDENTITY = "-";
				COMBINE_HIDPI_IMAGES = YES;
				CURRENT_PROJECT_VERSION = 5;
				ENABLE_APP_SANDBOX = NO;
				ENABLE_HARDENED_RUNTIME = NO;
				GENERATE_INFOPLIST_FILE = YES;
				INFOPLIST_KEY_CFBundleDisplayName = ServerDash;
				INFOPLIST_KEY_LSApplicationCategoryType = "public.app-category.utilities";
				INFOPLIST_KEY_NSHumanReadableCopyright = "";
				LD_RUNPATH_SEARCH_PATHS = (
					"$(inherited)",
					"@executable_path/../Frameworks",
				);
				MACOSX_DEPLOYMENT_TARGET = 14.0;
				MARKETING_VERSION = 1.0.0;
				PRODUCT_BUNDLE_IDENTIFIER = com.serverdash.app;
				PRODUCT_NAME = ServerDash;
				SDKROOT = macosx;
				SWIFT_VERSION = 5.9;
			};
			name = Debug;
		};
		35CCAA3665578B89598DCB88 /* Release */ = {
			isa = XCBuildConfiguration;
			buildSettings = {
				ALWAYS_SEARCH_USER_PATHS = NO;
				CLANG_ANALYZER_NONNULL = YES;
				CLANG_ANALYZER_NUMBER_OBJECT_CONVERSION = YES_AGGRESSIVE;
				CLANG_CXX_LANGUAGE_STANDARD = "gnu++14";
				CLANG_CXX_LIBRARY = "libc++";
				CLANG_ENABLE_MODULES = YES;
				CLANG_ENABLE_OBJC_ARC = YES;
				CLANG_ENABLE_OBJC_WEAK = YES;
				CLANG_WARN_BLOCK_CAPTURE_AUTORELEASING = YES;
				CLANG_WARN_BOOL_CONVERSION = YES;
				CLANG_WARN_COMMA = YES;
				CLANG_WARN_CONSTANT_CONVERSION = YES;
				CLANG_WARN_DEPRECATED_OBJC_IMPLEMENTATIONS = YES;
				CLANG_WARN_DIRECT_OBJC_ISA_USAGE = YES_ERROR;
				CLANG_WARN_DOCUMENTATION_COMMENTS = YES;
				CLANG_WARN_EMPTY_BODY = YES;
				CLANG_WARN_ENUM_CONVERSION = YES;
				CLANG_WARN_INFINITE_RECURSION = YES;
				CLANG_WARN_INT_CONVERSION = YES;
				CLANG_WARN_NON_LITERAL_NULL_CONVERSION = YES;
				CLANG_WARN_OBJC_IMPLICIT_RETAIN_SELF = YES;
				CLANG_WARN_OBJC_LITERAL_CONVERSION = YES;
				CLANG_WARN_OBJC_ROOT_CLASS = YES_ERROR;
				CLANG_WARN_QUOTED_INCLUDE_IN_FRAMEWORK_HEADER = YES;
				CLANG_WARN_RANGE_LOOP_ANALYSIS = YES;
				CLANG_WARN_STRICT_PROTOTYPES = YES;
				CLANG_WARN_SUSPICIOUS_MOVE = YES;
				CLANG_WARN_UNGUARDED_AVAILABILITY = YES_AGGRESSIVE;
				CLANG_WARN_UNREACHABLE_CODE = YES;
				CLANG_WARN__DUPLICATE_METHOD_MATCH = YES;
				COPY_PHASE_STRIP = NO;
				DEBUG_INFORMATION_FORMAT = "dwarf-with-dsym";
				ENABLE_NS_ASSERTIONS = NO;
				ENABLE_STRICT_OBJC_MSGSEND = YES;
				GCC_C_LANGUAGE_STANDARD = gnu11;
				GCC_NO_COMMON_BLOCKS = YES;
				GCC_WARN_64_TO_32_BIT_CONVERSION = YES;
				GCC_WARN_ABOUT_RETURN_TYPE = YES_ERROR;
				GCC_WARN_UNDECLARED_SELECTOR = YES;
				GCC_WARN_UNINITIALIZED_AUTOS = YES_AGGRESSIVE;
				GCC_WARN_UNUSED_FUNCTION = YES;
				GCC_WARN_UNUSED_VARIABLE = YES;
				IPHONEOS_DEPLOYMENT_TARGET = 18.0;
				MACOSX_DEPLOYMENT_TARGET = 14.0;
				MTL_ENABLE_DEBUG_INFO = NO;
				MTL_FAST_MATH = YES;
				PRODUCT_NAME = "$(TARGET_NAME)";
				SWIFT_COMPILATION_MODE = wholemodule;
				SWIFT_OPTIMIZATION_LEVEL = "-O";
				SWIFT_VERSION = 5.0;
			};
			name = Release;
		};
		463B1036B1AB8160007A6CC1 /* Release */ = {
			isa = XCBuildConfiguration;
			buildSettings = {
				ASSETCATALOG_COMPILER_APPICON_NAME = AppIcon;
				CODE_SIGN_IDENTITY = "-";
				COMBINE_HIDPI_IMAGES = YES;
				CURRENT_PROJECT_VERSION = 5;
				ENABLE_APP_SANDBOX = NO;
				ENABLE_HARDENED_RUNTIME = NO;
				GENERATE_INFOPLIST_FILE = YES;
				INFOPLIST_KEY_CFBundleDisplayName = ServerDash;
				INFOPLIST_KEY_LSApplicationCategoryType = "public.app-category.utilities";
				INFOPLIST_KEY_NSHumanReadableCopyright = "";
				LD_RUNPATH_SEARCH_PATHS = (
					"$(inherited)",
					"@executable_path/../Frameworks",
				);
				MACOSX_DEPLOYMENT_TARGET = 14.0;
				MARKETING_VERSION = 1.0.0;
				PRODUCT_BUNDLE_IDENTIFIER = com.serverdash.app;
				PRODUCT_NAME = ServerDash;
				SDKROOT = macosx;
				SWIFT_VERSION = 5.9;
			};
			name = Release;
		};
		4D6DF8B15826595695B22D1D /* Release */ = {
			isa = XCBuildConfiguration;
			buildSettings = {
				BUNDLE_LOADER = "$(TEST_HOST)";
				GENERATE_INFOPLIST_FILE = YES;
				IPHONEOS_DEPLOYMENT_TARGET = 18.0;
				LD_RUNPATH_SEARCH_PATHS = (
					"$(inherited)",
					"@executable_path/Frameworks",
					"@loader_path/Frameworks",
				);
				PRODUCT_BUNDLE_IDENTIFIER = com.serverdash.app.ios.tests;
				SDKROOT = iphoneos;
				SWIFT_VERSION = 5.9;
				TARGETED_DEVICE_FAMILY = "1,2";
				TEST_HOST = "$(BUILT_PRODUCTS_DIR)/ServerDashMobile.app/ServerDashMobile";
			};
			name = Release;
		};
		65840089025ABA0D7E0DAEAC /* Release */ = {
			isa = XCBuildConfiguration;
			buildSettings = {
				ASSETCATALOG_COMPILER_APPICON_NAME = AppIcon;
				CODE_SIGN_IDENTITY = "iPhone Developer";
				CURRENT_PROJECT_VERSION = 5;
				GENERATE_INFOPLIST_FILE = YES;
				INFOPLIST_KEY_CFBundleDisplayName = ServerDash;
				INFOPLIST_KEY_LSApplicationCategoryType = "public.app-category.utilities";
				INFOPLIST_KEY_NSHumanReadableCopyright = "";
				INFOPLIST_KEY_UIApplicationSceneManifest_Generation = YES;
				INFOPLIST_KEY_UIApplicationSupportsIndirectInputEvents = YES;
				INFOPLIST_KEY_UILaunchScreen_Generation = YES;
				INFOPLIST_KEY_UISupportedInterfaceOrientations_iPad = "UIInterfaceOrientationLandscapeLeft UIInterfaceOrientationLandscapeRight";
				IPHONEOS_DEPLOYMENT_TARGET = 18.0;
				LD_RUNPATH_SEARCH_PATHS = (
					"$(inherited)",
					"@executable_path/Frameworks",
				);
				MARKETING_VERSION = 1.0.0;
				PRODUCT_BUNDLE_IDENTIFIER = com.serverdash.app.ios;
				PRODUCT_NAME = ServerDashMobile;
				SDKROOT = iphoneos;
				SUPPORTS_MACCATALYST = NO;
				SWIFT_VERSION = 5.9;
				TARGETED_DEVICE_FAMILY = "1,2";
			};
			name = Release;
		};
		B600C64969A88A90F049DC0E /* Debug */ = {
			isa = XCBuildConfiguration;
			buildSettings = {
				BUNDLE_LOADER = "$(TEST_HOST)";
				GENERATE_INFOPLIST_FILE = YES;
				IPHONEOS_DEPLOYMENT_TARGET = 18.0;
				LD_RUNPATH_SEARCH_PATHS = (
					"$(inherited)",
					"@executable_path/Frameworks",
					"@loader_path/Frameworks",
				);
				PRODUCT_BUNDLE_IDENTIFIER = com.serverdash.app.ios.tests;
				SDKROOT = iphoneos;
				SWIFT_VERSION = 5.9;
				TARGETED_DEVICE_FAMILY = "1,2";
				TEST_HOST = "$(BUILT_PRODUCTS_DIR)/ServerDashMobile.app/ServerDashMobile";
			};
			name = Debug;
		};
		D5B1645F1DC315F59D77A447 /* Debug */ = {
			isa = XCBuildConfiguration;
			buildSettings = {
				BUNDLE_LOADER = "$(TEST_HOST)";
				COMBINE_HIDPI_IMAGES = YES;
				GENERATE_INFOPLIST_FILE = YES;
				LD_RUNPATH_SEARCH_PATHS = (
					"$(inherited)",
					"@executable_path/../Frameworks",
					"@loader_path/../Frameworks",
				);
				PRODUCT_BUNDLE_IDENTIFIER = com.serverdash.app.tests;
				SDKROOT = macosx;
				SWIFT_VERSION = 5.9;
				TEST_HOST = "$(BUILT_PRODUCTS_DIR)/ServerDash.app/Contents/MacOS/ServerDash";
			};
			name = Debug;
		};
/* End XCBuildConfiguration section */

/* Begin XCConfigurationList section */
		35AB7337190AA233712FC7FB /* Build configuration list for PBXNativeTarget "ServerDashMobile" */ = {
			isa = XCConfigurationList;
			buildConfigurations = (
				03107748FC5B8099316F3D07 /* Debug */,
				65840089025ABA0D7E0DAEAC /* Release */,
			);
			defaultConfigurationIsVisible = 0;
			defaultConfigurationName = Debug;
		};
		854719EB471296C6255B0B9A /* Build configuration list for PBXNativeTarget "ServerDashTests" */ = {
			isa = XCConfigurationList;
			buildConfigurations = (
				D5B1645F1DC315F59D77A447 /* Debug */,
				13BC4178FE824B5EE4CC6840 /* Release */,
			);
			defaultConfigurationIsVisible = 0;
			defaultConfigurationName = Debug;
		};
		A2406ABA205D7345D0A59BBF /* Build configuration list for PBXProject "ServerDash" */ = {
			isa = XCConfigurationList;
			buildConfigurations = (
				25C9EAA06C09148360AC1E60 /* Debug */,
				35CCAA3665578B89598DCB88 /* Release */,
			);
			defaultConfigurationIsVisible = 0;
			defaultConfigurationName = Debug;
		};
		BF71F135D796625DB89EB772 /* Build configuration list for PBXNativeTarget "ServerDashMobileTests" */ = {
			isa = XCConfigurationList;
			buildConfigurations = (
				B600C64969A88A90F049DC0E /* Debug */,
				4D6DF8B15826595695B22D1D /* Release */,
			);
			defaultConfigurationIsVisible = 0;
			defaultConfigurationName = Debug;
		};
		C9209E7A692DE12CD54EC4C0 /* Build configuration list for PBXNativeTarget "ServerDash" */ = {
			isa = XCConfigurationList;
			buildConfigurations = (
				27978D85BFBEB95C38562776 /* Debug */,
				463B1036B1AB8160007A6CC1 /* Release */,
			);
			defaultConfigurationIsVisible = 0;
			defaultConfigurationName = Debug;
		};
/* End XCConfigurationList section */

/* Begin XCLocalSwiftPackageReference section */
		0DCBE606D7F2278F21C705F2 /* XCLocalSwiftPackageReference "Vendor/swift-nio-ssh" */ = {
			isa = XCLocalSwiftPackageReference;
			relativePath = "Vendor/swift-nio-ssh";
		};
		6A8D5FB752F4B5992387FB53 /* XCLocalSwiftPackageReference "Vendor/Citadel" */ = {
			isa = XCLocalSwiftPackageReference;
			relativePath = Vendor/Citadel;
		};
		DEDE56CB83DFB941B3F72696 /* XCLocalSwiftPackageReference "Vendor/SwiftTerm" */ = {
			isa = XCLocalSwiftPackageReference;
			relativePath = Vendor/SwiftTerm;
		};
/* End XCLocalSwiftPackageReference section */

/* Begin XCSwiftPackageProductDependency section */
		496876A2B16B26B8216B2B61 /* Citadel */ = {
			isa = XCSwiftPackageProductDependency;
			productName = Citadel;
		};
		49A9C58D06480F064871D0E3 /* SwiftTerm */ = {
			isa = XCSwiftPackageProductDependency;
			productName = SwiftTerm;
		};
		AA46F43239D4FA31925075E0 /* NIOSSH */ = {
			isa = XCSwiftPackageProductDependency;
			productName = NIOSSH;
		};
		B31B612E337EB371ED8FE01C /* SwiftTerm */ = {
			isa = XCSwiftPackageProductDependency;
			productName = SwiftTerm;
		};
/* End XCSwiftPackageProductDependency section */
	};
	rootObject = 5D8DE40393B42BBCE7E76166 /* Project object */;
}
